{
  "name": "Index_env",
  "lockfileVersion": 3,
  "requires": true,
  "packages": {
    "": {
      "dependencies": {
        "csmarketapi": "^2.0.1"
      }
    },
    "node_modules/csmarketapi": {
      "version": "2.0.1",
      "resolved": "https://registry.npmjs.org/csmarketapi/-/csmarketapi-2.0.1.tgz",
      "integrity": "sha512-5LCfW353UzxzvPmNWIPmzQDG9+TeOhEtMe7PMYO2YE4MjX58tDfUo59U0MXZTP+xTQNOS1Jv1576/yKjVc3IFw==",
      "license": "MIT",
      "engines": {
        "bun": ">=1.0.0",
        "node": ">=18"
      }
    }
  }
}
